
Microsoft Visual Studio Solution File, Format Version 12.00
# Visual Studio 14
VisualStudioVersion = 14.0.25420.1
MinimumVisualStudioVersion = 10.0.40219.1
Project("{FAE04EC0-301F-11D3-BF4B-00C04F79EFBC}") = "TestPabloNuin.Aprovisionamiento", "TestPabloNuin\TestPabloNuin.Aprovisionamiento.csproj", "{8AEEF379-6E67-4C80-B9C5-500A964C7E42}"
EndProject
Project("{2150E333-8FDC-42A3-9474-1A3956D46DE8}") = "Aprovisionamiento", "Aprovisionamiento", "{3234FAB9-3064-465A-809B-66D23B4F6E38}"
EndProject
Project("{FAE04EC0-301F-11D3-BF4B-00C04F79EFBC}") = "AprovisionamientoO365.Base", "AprovisionamientoO365.Base\AprovisionamientoO365.Base.csproj", "{4C4F1D70-6123-4327-AA6D-C3DF1EE0F978}"
EndProject
Global
	GlobalSection(SolutionConfigurationPlatforms) = preSolution
		Debug|Any CPU = Debug|Any CPU
		Release|Any CPU = Release|Any CPU
	EndGlobalSection
	GlobalSection(ProjectConfigurationPlatforms) = postSolution
		{8AEEF379-6E67-4C80-B9C5-500A964C7E42}.Debug|Any CPU.ActiveCfg = Debug|Any CPU
		{8AEEF379-6E67-4C80-B9C5-500A964C7E42}.Debug|Any CPU.Build.0 = Debug|Any CPU
		{8AEEF379-6E67-4C80-B9C5-500A964C7E42}.Release|Any CPU.ActiveCfg = Release|Any CPU
		{8AEEF379-6E67-4C80-B9C5-500A964C7E42}.Release|Any CPU.Build.0 = Release|Any CPU
		{4C4F1D70-6123-4327-AA6D-C3DF1EE0F978}.Debug|Any CPU.ActiveCfg = Debug|Any CPU
		{4C4F1D70-6123-4327-AA6D-C3DF1EE0F978}.Debug|Any CPU.Build.0 = Debug|Any CPU
		{4C4F1D70-6123-4327-AA6D-C3DF1EE0F978}.Release|Any CPU.ActiveCfg = Release|Any CPU
		{4C4F1D70-6123-4327-AA6D-C3DF1EE0F978}.Release|Any CPU.Build.0 = Release|Any CPU
	EndGlobalSection
	GlobalSection(SolutionProperties) = preSolution
		HideSolutionNode = FALSE
	EndGlobalSection
	GlobalSection(NestedProjects) = preSolution
		{8AEEF379-6E67-4C80-B9C5-500A964C7E42} = {3234FAB9-3064-465A-809B-66D23B4F6E38}
	EndGlobalSection
EndGlobal
